
Microsoft Visual Studio Solution File, Format Version 12.00
# Visual Studio Version 17
VisualStudioVersion = 17.12.35527.113 d17.12
MinimumVisualStudioVersion = 10.0.40219.1
Project("{FAE04EC0-301F-11D3-BF4B-00C04F79EFBC}") = "DevTrails - BankProject.API", "src\DevTrails - BankProject.API.csproj", "{388C23D9-497B-49CC-B2E3-40C9A4E2F340}"
EndProject
Project("{FAE04EC0-301F-11D3-BF4B-00C04F79EFBC}") = "DevTrails - BankProject.Tests", "..\..\..\source\repos\DevTrails - BankProject\DevTrails - BankProject.Tests\DevTrails - BankProject.Tests.csproj", "{0FB2282D-DFCD-4D7E-A429-B2B6D12AF54E}"
EndProject
Global
	GlobalSection(SolutionConfigurationPlatforms) = preSolution
		Debug|Any CPU = Debug|Any CPU
		Release|Any CPU = Release|Any CPU
	EndGlobalSection
	GlobalSection(ProjectConfigurationPlatforms) = postSolution
		{388C23D9-497B-49CC-B2E3-40C9A4E2F340}.Debug|Any CPU.ActiveCfg = Debug|Any CPU
		{388C23D9-497B-49CC-B2E3-40C9A4E2F340}.Debug|Any CPU.Build.0 = Debug|Any CPU
		{388C23D9-497B-49CC-B2E3-40C9A4E2F340}.Release|Any CPU.ActiveCfg = Release|Any CPU
		{388C23D9-497B-49CC-B2E3-40C9A4E2F340}.Release|Any CPU.Build.0 = Release|Any CPU
		{0FB2282D-DFCD-4D7E-A429-B2B6D12AF54E}.Debug|Any CPU.ActiveCfg = Debug|Any CPU
		{0FB2282D-DFCD-4D7E-A429-B2B6D12AF54E}.Debug|Any CPU.Build.0 = Debug|Any CPU
		{0FB2282D-DFCD-4D7E-A429-B2B6D12AF54E}.Release|Any CPU.ActiveCfg = Release|Any CPU
		{0FB2282D-DFCD-4D7E-A429-B2B6D12AF54E}.Release|Any CPU.Build.0 = Release|Any CPU
	EndGlobalSection
	GlobalSection(SolutionProperties) = preSolution
		HideSolutionNode = FALSE
	EndGlobalSection
EndGlobal
